
Microsoft Visual Studio Solution File, Format Version 12.00
# Visual Studio Version 16
VisualStudioVersion = 16.0.31829.152
MinimumVisualStudioVersion = 10.0.40219.1
Project("{9A19103F-16F7-4668-BE54-9A1E7A4F7556}") = "Assignment2", "Assignment1\Assignment2.csproj", "{928A6A27-D7A8-4ECC-82B1-EA938129D7DF}"
EndProject
Global
	GlobalSection(SolutionConfigurationPlatforms) = preSolution
		Debug|Any CPU = Debug|Any CPU
		Release|Any CPU = Release|Any CPU
	EndGlobalSection
	GlobalSection(ProjectConfigurationPlatforms) = postSolution
		{928A6A27-D7A8-4ECC-82B1-EA938129D7DF}.Debug|Any CPU.ActiveCfg = Debug|Any CPU
		{928A6A27-D7A8-4ECC-82B1-EA938129D7DF}.Debug|Any CPU.Build.0 = Debug|Any CPU
		{928A6A27-D7A8-4ECC-82B1-EA938129D7DF}.Release|Any CPU.ActiveCfg = Release|Any CPU
		{928A6A27-D7A8-4ECC-82B1-EA938129D7DF}.Release|Any CPU.Build.0 = Release|Any CPU
	EndGlobalSection
	GlobalSection(SolutionProperties) = preSolution
		HideSolutionNode = FALSE
	EndGlobalSection
	GlobalSection(ExtensibilityGlobals) = postSolution
		SolutionGuid = {EBEF4EB0-88F9-4769-BFC8-547358C3533A}
	EndGlobalSection
EndGlobal
